// !$*UTF8*$!
{
	archiveVersion = 1;
	classes = {
	};
	objectVersion = 46;
	objects = {

/* Begin PBXBuildFile section */
		E76EB34A17589E7100FC32A5 /* frameCellImage@2x.png in Resources */ = {isa = PBXBuildFile; fileRef = E76EB34917589E7100FC32A5 /* frameCellImage@2x.png */; };
		E76EB34E17589F6400FC32A5 /* TDMFillingProgressViewController.m in Sources */ = {isa = PBXBuildFile; fileRef = E76EB34C17589F6400FC32A5 /* TDMFillingProgressViewController.m */; };
		E76EB34F17589F6400FC32A5 /* TDMFillingProgressViewController.xib in Resources */ = {isa = PBXBuildFile; fileRef = E76EB34D17589F6400FC32A5 /* TDMFillingProgressViewController.xib */; };
		E76EB3511758A83600FC32A5 /* QuartzCore.framework in Frameworks */ = {isa = PBXBuildFile; fileRef = E76EB3501758A83600FC32A5 /* QuartzCore.framework */; };
		E76EB3541758BFAC00FC32A5 /* UIColor+i7HexColor.m in Sources */ = {isa = PBXBuildFile; fileRef = E76EB3521758BFAC00FC32A5 /* UIColor+i7HexColor.m */; };
		E76EB3561758C40400FC32A5 /* okCellIcon@2x.png in Resources */ = {isa = PBXBuildFile; fileRef = E76EB3551758C40400FC32A5 /* okCellIcon@2x.png */; };
		E7D59E08175534D00024D9E3 /* UIKit.framework in Frameworks */ = {isa = PBXBuildFile; fileRef = E7D59E07175534D00024D9E3 /* UIKit.framework */; };
		E7D59E0A175534D00024D9E3 /* Foundation.framework in Frameworks */ = {isa = PBXBuildFile; fileRef = E7D59E09175534D00024D9E3 /* Foundation.framework */; };
		E7D59E0C175534D00024D9E3 /* CoreGraphics.framework in Frameworks */ = {isa = PBXBuildFile; fileRef = E7D59E0B175534D00024D9E3 /* CoreGraphics.framework */; };
		E7D59E12175534D00024D9E3 /* InfoPlist.strings in Resources */ = {isa = PBXBuildFile; fileRef = E7D59E10175534D00024D9E3 /* InfoPlist.strings */; };
		E7D59E14175534D00024D9E3 /* main.m in Sources */ = {isa = PBXBuildFile; fileRef = E7D59E13175534D00024D9E3 /* main.m */; };
		E7D59E18175534D00024D9E3 /* TDMAppDelegate.m in Sources */ = {isa = PBXBuildFile; fileRef = E7D59E17175534D00024D9E3 /* TDMAppDelegate.m */; };
		E7D59E1A175534D00024D9E3 /* Default.png in Resources */ = {isa = PBXBuildFile; fileRef = E7D59E19175534D00024D9E3 /* Default.png */; };
		E7D59E1C175534D00024D9E3 /* Default@2x.png in Resources */ = {isa = PBXBuildFile; fileRef = E7D59E1B175534D00024D9E3 /* Default@2x.png */; };
		E7D59E1E175534D00024D9E3 /* Default-568h@2x.png in Resources */ = {isa = PBXBuildFile; fileRef = E7D59E1D175534D00024D9E3 /* Default-568h@2x.png */; };
		E7D59E21175534D00024D9E3 /* MainStoryboard.storyboard in Resources */ = {isa = PBXBuildFile; fileRef = E7D59E1F175534D00024D9E3 /* MainStoryboard.storyboard */; };
		E7D59E8817562DD90024D9E3 /* TDMDetailViewController.m in Sources */ = {isa = PBXBuildFile; fileRef = E7D59E8517562DD90024D9E3 /* TDMDetailViewController.m */; };
		E7D59E8917562DD90024D9E3 /* TDMMasterViewController.m in Sources */ = {isa = PBXBuildFile; fileRef = E7D59E8717562DD90024D9E3 /* TDMMasterViewController.m */; };
		E7D59E8D17562E6B0024D9E3 /* TDMViewControllerExtended.m in Sources */ = {isa = PBXBuildFile; fileRef = E7D59E8C17562E6B0024D9E3 /* TDMViewControllerExtended.m */; };
		E7D59E91175630150024D9E3 /* background@2x.png in Resources */ = {isa = PBXBuildFile; fileRef = E7D59E90175630150024D9E3 /* background@2x.png */; };
		E7D59E95175631440024D9E3 /* TDMCellExtended.m in Sources */ = {isa = PBXBuildFile; fileRef = E7D59E94175631440024D9E3 /* TDMCellExtended.m */; };
		E7D59E97175632360024D9E3 /* cellImage@2x.png in Resources */ = {isa = PBXBuildFile; fileRef = E7D59E96175632360024D9E3 /* cellImage@2x.png */; };
		E7D59E99175633CA0024D9E3 /* tableViewSeparator@2x.png in Resources */ = {isa = PBXBuildFile; fileRef = E7D59E98175633C90024D9E3 /* tableViewSeparator@2x.png */; };
		E7D59E9C1756362E0024D9E3 /* Roboto-Light.ttf in Resources */ = {isa = PBXBuildFile; fileRef = E7D59E9B1756362E0024D9E3 /* Roboto-Light.ttf */; };
		E7D59EA717564A4B0024D9E3 /* SkinHelper.m in Sources */ = {isa = PBXBuildFile; fileRef = E7D59EA217564A4B0024D9E3 /* SkinHelper.m */; };
		E7D59EA817564A4B0024D9E3 /* UIScreen+iPhone5.m in Sources */ = {isa = PBXBuildFile; fileRef = E7D59EA417564A4B0024D9E3 /* UIScreen+iPhone5.m */; };
		E7D59EA917564A4B0024D9E3 /* UIView+FrameOperations.m in Sources */ = {isa = PBXBuildFile; fileRef = E7D59EA617564A4B0024D9E3 /* UIView+FrameOperations.m */; };
/* End PBXBuildFile section */

/* Begin PBXFileReference section */
		E76EB34917589E7100FC32A5 /* frameCellImage@2x.png */ = {isa = PBXFileReference; lastKnownFileType = image.png; path = "frameCellImage@2x.png"; sourceTree = "<group>"; };
		E76EB34B17589F6400FC32A5 /* TDMFillingProgressViewController.h */ = {isa = PBXFileReference; fileEncoding = 4; lastKnownFileType = sourcecode.c.h; path = TDMFillingProgressViewController.h; sourceTree = "<group>"; };
		E76EB34C17589F6400FC32A5 /* TDMFillingProgressViewController.m */ = {isa = PBXFileReference; fileEncoding = 4; lastKnownFileType = sourcecode.c.objc; path = TDMFillingProgressViewController.m; sourceTree = "<group>"; };
		E76EB34D17589F6400FC32A5 /* TDMFillingProgressViewController.xib */ = {isa = PBXFileReference; fileEncoding = 4; lastKnownFileType = file.xib; path = TDMFillingProgressViewController.xib; sourceTree = "<group>"; };
		E76EB3501758A83600FC32A5 /* QuartzCore.framework */ = {isa = PBXFileReference; lastKnownFileType = wrapper.framework; name = QuartzCore.framework; path = System/Library/Frameworks/QuartzCore.framework; sourceTree = SDKROOT; };
		E76EB3521758BFAC00FC32A5 /* UIColor+i7HexColor.m */ = {isa = PBXFileReference; fileEncoding = 4; lastKnownFileType = sourcecode.c.objc; path = "UIColor+i7HexColor.m"; sourceTree = "<group>"; };
		E76EB3531758BFAC00FC32A5 /* UIColor+i7HexColor.h */ = {isa = PBXFileReference; fileEncoding = 4; lastKnownFileType = sourcecode.c.h; path = "UIColor+i7HexColor.h"; sourceTree = "<group>"; };
		E76EB3551758C40400FC32A5 /* okCellIcon@2x.png */ = {isa = PBXFileReference; lastKnownFileType = image.png; path = "okCellIcon@2x.png"; sourceTree = "<group>"; };
		E7D59E04175534D00024D9E3 /* ToDoManager.app */ = {isa = PBXFileReference; explicitFileType = wrapper.application; includeInIndex = 0; path = ToDoManager.app; sourceTree = BUILT_PRODUCTS_DIR; };
		E7D59E07175534D00024D9E3 /* UIKit.framework */ = {isa = PBXFileReference; lastKnownFileType = wrapper.framework; name = UIKit.framework; path = System/Library/Frameworks/UIKit.framework; sourceTree = SDKROOT; };
		E7D59E09175534D00024D9E3 /* Foundation.framework */ = {isa = PBXFileReference; lastKnownFileType = wrapper.framework; name = Foundation.framework; path = System/Library/Frameworks/Foundation.framework; sourceTree = SDKROOT; };
		E7D59E0B175534D00024D9E3 /* CoreGraphics.framework */ = {isa = PBXFileReference; lastKnownFileType = wrapper.framework; name = CoreGraphics.framework; path = System/Library/Frameworks/CoreGraphics.framework; sourceTree = SDKROOT; };
		E7D59E0F175534D00024D9E3 /* ToDoManager-Info.plist */ = {isa = PBXFileReference; lastKnownFileType = text.plist.xml; path = "ToDoManager-Info.plist"; sourceTree = "<group>"; };
		E7D59E11175534D00024D9E3 /* en */ = {isa = PBXFileReference; lastKnownFileType = text.plist.strings; name = en; path = en.lproj/InfoPlist.strings; sourceTree = "<group>"; };
		E7D59E13175534D00024D9E3 /* main.m */ = {isa = PBXFileReference; lastKnownFileType = sourcecode.c.objc; path = main.m; sourceTree = "<group>"; };
		E7D59E15175534D00024D9E3 /* ToDoManager-Prefix.pch */ = {isa = PBXFileReference; lastKnownFileType = sourcecode.c.h; path = "ToDoManager-Prefix.pch"; sourceTree = "<group>"; };
		E7D59E16175534D00024D9E3 /* TDMAppDelegate.h */ = {isa = PBXFileReference; lastKnownFileType = sourcecode.c.h; path = TDMAppDelegate.h; sourceTree = "<group>"; };
		E7D59E17175534D00024D9E3 /* TDMAppDelegate.m */ = {isa = PBXFileReference; lastKnownFileType = sourcecode.c.objc; path = TDMAppDelegate.m; sourceTree = "<group>"; };
		E7D59E19175534D00024D9E3 /* Default.png */ = {isa = PBXFileReference; lastKnownFileType = image.png; path = Default.png; sourceTree = "<group>"; };
		E7D59E1B175534D00024D9E3 /* Default@2x.png */ = {isa = PBXFileReference; lastKnownFileType = image.png; path = "Default@2x.png"; sourceTree = "<group>"; };
		E7D59E1D175534D00024D9E3 /* Default-568h@2x.png */ = {isa = PBXFileReference; lastKnownFileType = image.png; path = "Default-568h@2x.png"; sourceTree = "<group>"; };
		E7D59E20175534D00024D9E3 /* en */ = {isa = PBXFileReference; lastKnownFileType = file.storyboard; name = en; path = en.lproj/MainStoryboard.storyboard; sourceTree = "<group>"; };
		E7D59E8417562DD90024D9E3 /* TDMDetailViewController.h */ = {isa = PBXFileReference; fileEncoding = 4; lastKnownFileType = sourcecode.c.h; path = TDMDetailViewController.h; sourceTree = "<group>"; };
		E7D59E8517562DD90024D9E3 /* TDMDetailViewController.m */ = {isa = PBXFileReference; fileEncoding = 4; lastKnownFileType = sourcecode.c.objc; path = TDMDetailViewController.m; sourceTree = "<group>"; };
		E7D59E8617562DD90024D9E3 /* TDMMasterViewController.h */ = {isa = PBXFileReference; fileEncoding = 4; lastKnownFileType = sourcecode.c.h; path = TDMMasterViewController.h; sourceTree = "<group>"; };
		E7D59E8717562DD90024D9E3 /* TDMMasterViewController.m */ = {isa = PBXFileReference; fileEncoding = 4; lastKnownFileType = sourcecode.c.objc; path = TDMMasterViewController.m; sourceTree = "<group>"; };
		E7D59E8B17562E6B0024D9E3 /* TDMViewControllerExtended.h */ = {isa = PBXFileReference; fileEncoding = 4; lastKnownFileType = sourcecode.c.h; path = TDMViewControllerExtended.h; sourceTree = "<group>"; };
		E7D59E8C17562E6B0024D9E3 /* TDMViewControllerExtended.m */ = {isa = PBXFileReference; fileEncoding = 4; lastKnownFileType = sourcecode.c.objc; path = TDMViewControllerExtended.m; sourceTree = "<group>"; };
		E7D59E90175630150024D9E3 /* background@2x.png */ = {isa = PBXFileReference; lastKnownFileType = image.png; path = "background@2x.png"; sourceTree = "<group>"; };
		E7D59E93175631440024D9E3 /* TDMCellExtended.h */ = {isa = PBXFileReference; fileEncoding = 4; lastKnownFileType = sourcecode.c.h; path = TDMCellExtended.h; sourceTree = "<group>"; };
		E7D59E94175631440024D9E3 /* TDMCellExtended.m */ = {isa = PBXFileReference; fileEncoding = 4; lastKnownFileType = sourcecode.c.objc; path = TDMCellExtended.m; sourceTree = "<group>"; };
		E7D59E96175632360024D9E3 /* cellImage@2x.png */ = {isa = PBXFileReference; lastKnownFileType = image.png; path = "cellImage@2x.png"; sourceTree = "<group>"; };
		E7D59E98175633C90024D9E3 /* tableViewSeparator@2x.png */ = {isa = PBXFileReference; lastKnownFileType = image.png; path = "tableViewSeparator@2x.png"; sourceTree = "<group>"; };
		E7D59E9B1756362E0024D9E3 /* Roboto-Light.ttf */ = {isa = PBXFileReference; lastKnownFileType = file; path = "Roboto-Light.ttf"; sourceTree = "<group>"; };
		E7D59EA117564A4B0024D9E3 /* SkinHelper.h */ = {isa = PBXFileReference; fileEncoding = 4; lastKnownFileType = sourcecode.c.h; path = SkinHelper.h; sourceTree = "<group>"; };
		E7D59EA217564A4B0024D9E3 /* SkinHelper.m */ = {isa = PBXFileReference; fileEncoding = 4; lastKnownFileType = sourcecode.c.objc; path = SkinHelper.m; sourceTree = "<group>"; };
		E7D59EA317564A4B0024D9E3 /* UIScreen+iPhone5.h */ = {isa = PBXFileReference; fileEncoding = 4; lastKnownFileType = sourcecode.c.h; path = "UIScreen+iPhone5.h"; sourceTree = "<group>"; };
		E7D59EA417564A4B0024D9E3 /* UIScreen+iPhone5.m */ = {isa = PBXFileReference; fileEncoding = 4; lastKnownFileType = sourcecode.c.objc; path = "UIScreen+iPhone5.m"; sourceTree = "<group>"; };
		E7D59EA517564A4B0024D9E3 /* UIView+FrameOperations.h */ = {isa = PBXFileReference; fileEncoding = 4; lastKnownFileType = sourcecode.c.h; path = "UIView+FrameOperations.h"; sourceTree = "<group>"; };
		E7D59EA617564A4B0024D9E3 /* UIView+FrameOperations.m */ = {isa = PBXFileReference; fileEncoding = 4; lastKnownFileType = sourcecode.c.objc; path = "UIView+FrameOperations.m"; sourceTree = "<group>"; };
/* End PBXFileReference section */

/* Begin PBXFrameworksBuildPhase section */
		E7D59E01175534D00024D9E3 /* Frameworks */ = {
			isa = PBXFrameworksBuildPhase;
			buildActionMask = 2147483647;
			files = (
				E76EB3511758A83600FC32A5 /* QuartzCore.framework in Frameworks */,
				E7D59E08175534D00024D9E3 /* UIKit.framework in Frameworks */,
				E7D59E0A175534D00024D9E3 /* Foundation.framework in Frameworks */,
				E7D59E0C175534D00024D9E3 /* CoreGraphics.framework in Frameworks */,
			);
			runOnlyForDeploymentPostprocessing = 0;
		};
/* End PBXFrameworksBuildPhase section */

/* Begin PBXGroup section */
		E7D59DFB175534D00024D9E3 = {
			isa = PBXGroup;
			children = (
				E7D59E0D175534D00024D9E3 /* ToDoManager */,
				E7D59E06175534D00024D9E3 /* Frameworks */,
				E7D59E05175534D00024D9E3 /* Products */,
			);
			sourceTree = "<group>";
		};
		E7D59E05175534D00024D9E3 /* Products */ = {
			isa = PBXGroup;
			children = (
				E7D59E04175534D00024D9E3 /* ToDoManager.app */,
			);
			name = Products;
			sourceTree = "<group>";
		};
		E7D59E06175534D00024D9E3 /* Frameworks */ = {
			isa = PBXGroup;
			children = (
				E76EB3501758A83600FC32A5 /* QuartzCore.framework */,
				E7D59E07175534D00024D9E3 /* UIKit.framework */,
				E7D59E09175534D00024D9E3 /* Foundation.framework */,
				E7D59E0B175534D00024D9E3 /* CoreGraphics.framework */,
			);
			name = Frameworks;
			sourceTree = "<group>";
		};
		E7D59E0D175534D00024D9E3 /* ToDoManager */ = {
			isa = PBXGroup;
			children = (
				E7D59EA017564A480024D9E3 /* Helpers */,
				E7D59E921756311D0024D9E3 /* Views */,
				E7D59E8317562DD90024D9E3 /* Controllers */,
				E7D59E16175534D00024D9E3 /* TDMAppDelegate.h */,
				E7D59E17175534D00024D9E3 /* TDMAppDelegate.m */,
				E7D59E1F175534D00024D9E3 /* MainStoryboard.storyboard */,
				E7D59E8E175630140024D9E3 /* Resources */,
				E7D59E0E175534D00024D9E3 /* Supporting Files */,
			);
			path = ToDoManager;
			sourceTree = "<group>";
		};
		E7D59E0E175534D00024D9E3 /* Supporting Files */ = {
			isa = PBXGroup;
			children = (
				E7D59E0F175534D00024D9E3 /* ToDoManager-Info.plist */,
				E7D59E10175534D00024D9E3 /* InfoPlist.strings */,
				E7D59E13175534D00024D9E3 /* main.m */,
				E7D59E15175534D00024D9E3 /* ToDoManager-Prefix.pch */,
				E7D59E19175534D00024D9E3 /* Default.png */,
				E7D59E1B175534D00024D9E3 /* Default@2x.png */,
				E7D59E1D175534D00024D9E3 /* Default-568h@2x.png */,
			);
			name = "Supporting Files";
			sourceTree = "<group>";
		};
		E7D59E8317562DD90024D9E3 /* Controllers */ = {
			isa = PBXGroup;
			children = (
				E7D59E8A17562E190024D9E3 /* Parents */,
				E7D59E8417562DD90024D9E3 /* TDMDetailViewController.h */,
				E7D59E8517562DD90024D9E3 /* TDMDetailViewController.m */,
				E7D59E8617562DD90024D9E3 /* TDMMasterViewController.h */,
				E7D59E8717562DD90024D9E3 /* TDMMasterViewController.m */,
				E76EB34B17589F6400FC32A5 /* TDMFillingProgressViewController.h */,
				E76EB34C17589F6400FC32A5 /* TDMFillingProgressViewController.m */,
				E76EB34D17589F6400FC32A5 /* TDMFillingProgressViewController.xib */,
			);
			path = Controllers;
			sourceTree = "<group>";
		};
		E7D59E8A17562E190024D9E3 /* Parents */ = {
			isa = PBXGroup;
			children = (
				E7D59E8B17562E6B0024D9E3 /* TDMViewControllerExtended.h */,
				E7D59E8C17562E6B0024D9E3 /* TDMViewControllerExtended.m */,
			);
			path = Parents;
			sourceTree = "<group>";
		};
		E7D59E8E175630140024D9E3 /* Resources */ = {
			isa = PBXGroup;
			children = (
				E7D59E9A1756362E0024D9E3 /* Fonts */,
				E7D59E8F175630150024D9E3 /* Images */,
			);
			path = Resources;
			sourceTree = "<group>";
		};
		E7D59E8F175630150024D9E3 /* Images */ = {
			isa = PBXGroup;
			children = (
				E76EB3551758C40400FC32A5 /* okCellIcon@2x.png */,
				E76EB34917589E7100FC32A5 /* frameCellImage@2x.png */,
				E7D59E98175633C90024D9E3 /* tableViewSeparator@2x.png */,
				E7D59E96175632360024D9E3 /* cellImage@2x.png */,
				E7D59E90175630150024D9E3 /* background@2x.png */,
			);
			path = Images;
			sourceTree = "<group>";
		};
		E7D59E921756311D0024D9E3 /* Views */ = {
			isa = PBXGroup;
			children = (
				E7D59E93175631440024D9E3 /* TDMCellExtended.h */,
				E7D59E94175631440024D9E3 /* TDMCellExtended.m */,
			);
			path = Views;
			sourceTree = "<group>";
		};
		E7D59E9A1756362E0024D9E3 /* Fonts */ = {
			isa = PBXGroup;
			children = (
				E7D59E9B1756362E0024D9E3 /* Roboto-Light.ttf */,
			);
			path = Fonts;
			sourceTree = "<group>";
		};
		E7D59EA017564A480024D9E3 /* Helpers */ = {
			isa = PBXGroup;
			children = (
				E7D59EA117564A4B0024D9E3 /* SkinHelper.h */,
				E7D59EA217564A4B0024D9E3 /* SkinHelper.m */,
				E76EB3531758BFAC00FC32A5 /* UIColor+i7HexColor.h */,
				E76EB3521758BFAC00FC32A5 /* UIColor+i7HexColor.m */,
				E7D59EA317564A4B0024D9E3 /* UIScreen+iPhone5.h */,
				E7D59EA417564A4B0024D9E3 /* UIScreen+iPhone5.m */,
				E7D59EA517564A4B0024D9E3 /* UIView+FrameOperations.h */,
				E7D59EA617564A4B0024D9E3 /* UIView+FrameOperations.m */,
			);
			path = Helpers;
			sourceTree = "<group>";
		};
/* End PBXGroup section */

/* Begin PBXNativeTarget section */
		E7D59E03175534D00024D9E3 /* ToDoManager */ = {
			isa = PBXNativeTarget;
			buildConfigurationList = E7D59E2A175534D00024D9E3 /* Build configuration list for PBXNativeTarget "ToDoManager" */;
			buildPhases = (
				E7D59E00175534D00024D9E3 /* Sources */,
				E7D59E01175534D00024D9E3 /* Frameworks */,
				E7D59E02175534D00024D9E3 /* Resources */,
			);
			buildRules = (
			);
			dependencies = (
			);
			name = ToDoManager;
			productName = ToDoManager;
			productReference = E7D59E04175534D00024D9E3 /* ToDoManager.app */;
			productType = "com.apple.product-type.application";
		};
/* End PBXNativeTarget section */

/* Begin PBXProject section */
		E7D59DFC175534D00024D9E3 /* Project object */ = {
			isa = PBXProject;
			attributes = {
				CLASSPREFIX = TDM;
				LastUpgradeCheck = 0460;
				ORGANIZATIONNAME = PaksHome;
			};
			buildConfigurationList = E7D59DFF175534D00024D9E3 /* Build configuration list for PBXProject "ToDoManager" */;
			compatibilityVersion = "Xcode 3.2";
			developmentRegion = English;
			hasScannedForEncodings = 0;
			knownRegions = (
				en,
			);
			mainGroup = E7D59DFB175534D00024D9E3;
			productRefGroup = E7D59E05175534D00024D9E3 /* Products */;
			projectDirPath = "";
			projectRoot = "";
			targets = (
				E7D59E03175534D00024D9E3 /* ToDoManager */,
			);
		};
/* End PBXProject section */

/* Begin PBXResourcesBuildPhase section */
		E7D59E02175534D00024D9E3 /* Resources */ = {
			isa = PBXResourcesBuildPhase;
			buildActionMask = 2147483647;
			files = (
				E7D59E12175534D00024D9E3 /* InfoPlist.strings in Resources */,
				E7D59E1A175534D00024D9E3 /* Default.png in Resources */,
				E7D59E1C175534D00024D9E3 /* Default@2x.png in Resources */,
				E7D59E1E175534D00024D9E3 /* Default-568h@2x.png in Resources */,
				E7D59E21175534D00024D9E3 /* MainStoryboard.storyboard in Resources */,
				E7D59E91175630150024D9E3 /* background@2x.png in Resources */,
				E7D59E97175632360024D9E3 /* cellImage@2x.png in Resources */,
				E7D59E99175633CA0024D9E3 /* tableViewSeparator@2x.png in Resources */,
				E7D59E9C1756362E0024D9E3 /* Roboto-Light.ttf in Resources */,
				E76EB34A17589E7100FC32A5 /* frameCellImage@2x.png in Resources */,
				E76EB34F17589F6400FC32A5 /* TDMFillingProgressViewController.xib in Resources */,
				E76EB3561758C40400FC32A5 /* okCellIcon@2x.png in Resources */,
			);
			runOnlyForDeploymentPostprocessing = 0;
		};
/* End PBXResourcesBuildPhase section */

/* Begin PBXSourcesBuildPhase section */
		E7D59E00175534D00024D9E3 /* Sources */ = {
			isa = PBXSourcesBuildPhase;
			buildActionMask = 2147483647;
			files = (
				E7D59E14175534D00024D9E3 /* main.m in Sources */,
				E7D59E18175534D00024D9E3 /* TDMAppDelegate.m in Sources */,
				E7D59E8817562DD90024D9E3 /* TDMDetailViewController.m in Sources */,
				E7D59E8917562DD90024D9E3 /* TDMMasterViewController.m in Sources */,
				E7D59E8D17562E6B0024D9E3 /* TDMViewControllerExtended.m in Sources */,
				E7D59E95175631440024D9E3 /* TDMCellExtended.m in Sources */,
				E7D59EA717564A4B0024D9E3 /* SkinHelper.m in Sources */,
				E7D59EA817564A4B0024D9E3 /* UIScreen+iPhone5.m in Sources */,
				E7D59EA917564A4B0024D9E3 /* UIView+FrameOperations.m in Sources */,
				E76EB34E17589F6400FC32A5 /* TDMFillingProgressViewController.m in Sources */,
				E76EB3541758BFAC00FC32A5 /* UIColor+i7HexColor.m in Sources */,
			);
			runOnlyForDeploymentPostprocessing = 0;
		};
/* End PBXSourcesBuildPhase section */

/* Begin PBXVariantGroup section */
		E7D59E10175534D00024D9E3 /* InfoPlist.strings */ = {
			isa = PBXVariantGroup;
			children = (
				E7D59E11175534D00024D9E3 /* en */,
			);
			name = InfoPlist.strings;
			sourceTree = "<group>";
		};
		E7D59E1F175534D00024D9E3 /* MainStoryboard.storyboard */ = {
			isa = PBXVariantGroup;
			children = (
				E7D59E20175534D00024D9E3 /* en */,
			);
			name = MainStoryboard.storyboard;
			sourceTree = "<group>";
		};
/* End PBXVariantGroup section */

/* Begin XCBuildConfiguration section */
		E7D59E28175534D00024D9E3 /* Debug */ = {
			isa = XCBuildConfiguration;
			buildSettings = {
				ALWAYS_SEARCH_USER_PATHS = NO;
				CLANG_CXX_LANGUAGE_STANDARD = "gnu++0x";
				CLANG_CXX_LIBRARY = "libc++";
				CLANG_ENABLE_OBJC_ARC = YES;
				CLANG_WARN_CONSTANT_CONVERSION = YES;
				CLANG_WARN_EMPTY_BODY = YES;
				CLANG_WARN_ENUM_CONVERSION = YES;
				CLANG_WARN_INT_CONVERSION = YES;
				CLANG_WARN__DUPLICATE_METHOD_MATCH = YES;
				"CODE_SIGN_IDENTITY[sdk=iphoneos*]" = "iPhone Developer";
				COPY_PHASE_STRIP = NO;
				GCC_C_LANGUAGE_STANDARD = gnu99;
				GCC_DYNAMIC_NO_PIC = NO;
				GCC_OPTIMIZATION_LEVEL = 0;
				GCC_PREPROCESSOR_DEFINITIONS = (
					"DEBUG=1",
					"$(inherited)",
				);
				GCC_SYMBOLS_PRIVATE_EXTERN = NO;
				GCC_WARN_ABOUT_RETURN_TYPE = YES;
				GCC_WARN_UNINITIALIZED_AUTOS = YES;
				GCC_WARN_UNUSED_VARIABLE = YES;
				IPHONEOS_DEPLOYMENT_TARGET = 6.1;
				ONLY_ACTIVE_ARCH = YES;
				SDKROOT = iphoneos;
			};
			name = Debug;
		};
		E7D59E29175534D00024D9E3 /* Release */ = {
			isa = XCBuildConfiguration;
			buildSettings = {
				ALWAYS_SEARCH_USER_PATHS = NO;
				CLANG_CXX_LANGUAGE_STANDARD = "gnu++0x";
				CLANG_CXX_LIBRARY = "libc++";
				CLANG_ENABLE_OBJC_ARC = YES;
				CLANG_WARN_CONSTANT_CONVERSION = YES;
				CLANG_WARN_EMPTY_BODY = YES;
				CLANG_WARN_ENUM_CONVERSION = YES;
				CLANG_WARN_INT_CONVERSION = YES;
				CLANG_WARN__DUPLICATE_METHOD_MATCH = YES;
				"CODE_SIGN_IDENTITY[sdk=iphoneos*]" = "iPhone Developer";
				COPY_PHASE_STRIP = YES;
				GCC_C_LANGUAGE_STANDARD = gnu99;
				GCC_WARN_ABOUT_RETURN_TYPE = YES;
				GCC_WARN_UNINITIALIZED_AUTOS = YES;
				GCC_WARN_UNUSED_VARIABLE = YES;
				IPHONEOS_DEPLOYMENT_TARGET = 6.1;
				OTHER_CFLAGS = "-DNS_BLOCK_ASSERTIONS=1";
				SDKROOT = iphoneos;
				VALIDATE_PRODUCT = YES;
			};
			name = Release;
		};
		E7D59E2B175534D00024D9E3 /* Debug */ = {
			isa = XCBuildConfiguration;
			buildSettings = {
				GCC_PRECOMPILE_PREFIX_HEADER = YES;
				GCC_PREFIX_HEADER = "ToDoManager/ToDoManager-Prefix.pch";
				INFOPLIST_FILE = "ToDoManager/ToDoManager-Info.plist";
				PRODUCT_NAME = "$(TARGET_NAME)";
				WRAPPER_EXTENSION = app;
			};
			name = Debug;
		};
		E7D59E2C175534D00024D9E3 /* Release */ = {
			isa = XCBuildConfiguration;
			buildSettings = {
				GCC_PRECOMPILE_PREFIX_HEADER = YES;
				GCC_PREFIX_HEADER = "ToDoManager/ToDoManager-Prefix.pch";
				INFOPLIST_FILE = "ToDoManager/ToDoManager-Info.plist";
				PRODUCT_NAME = "$(TARGET_NAME)";
				WRAPPER_EXTENSION = app;
			};
			name = Release;
		};
/* End XCBuildConfiguration section */

/* Begin XCConfigurationList section */
		E7D59DFF175534D00024D9E3 /* Build configuration list for PBXProject "ToDoManager" */ = {
			isa = XCConfigurationList;
			buildConfigurations = (
				E7D59E28175534D00024D9E3 /* Debug */,
				E7D59E29175534D00024D9E3 /* Release */,
			);
			defaultConfigurationIsVisible = 0;
			defaultConfigurationName = Release;
		};
		E7D59E2A175534D00024D9E3 /* Build configuration list for PBXNativeTarget "ToDoManager" */ = {
			isa = XCConfigurationList;
			buildConfigurations = (
				E7D59E2B175534D00024D9E3 /* Debug */,
				E7D59E2C175534D00024D9E3 /* Release */,
			);
			defaultConfigurationIsVisible = 0;
			defaultConfigurationName = Release;
		};
/* End XCConfigurationList section */
	};
	rootObject = E7D59DFC175534D00024D9E3 /* Project object */;
}
